
Microsoft Visual Studio Solution File, Format Version 12.00
# Visual Studio 15
VisualStudioVersion = 15.0.27004.2010
MinimumVisualStudioVersion = 10.0.40219.1
Project("{FAE04EC0-301F-11D3-BF4B-00C04F79EFBC}") = "Fabric.ActiveDirectory", "Fabric.ActiveDirectory\Fabric.ActiveDirectory.csproj", "{7349FE29-F7A0-4195-9705-3F7C1E9090D4}"
EndProject
Global
	GlobalSection(SolutionConfigurationPlatforms) = preSolution
		Debug|Any CPU = Debug|Any CPU
		Release|Any CPU = Release|Any CPU
	EndGlobalSection
	GlobalSection(ProjectConfigurationPlatforms) = postSolution
		{7349FE29-F7A0-4195-9705-3F7C1E9090D4}.Debug|Any CPU.ActiveCfg = Debug|Any CPU
		{7349FE29-F7A0-4195-9705-3F7C1E9090D4}.Debug|Any CPU.Build.0 = Debug|Any CPU
		{7349FE29-F7A0-4195-9705-3F7C1E9090D4}.Release|Any CPU.ActiveCfg = Release|Any CPU
		{7349FE29-F7A0-4195-9705-3F7C1E9090D4}.Release|Any CPU.Build.0 = Release|Any CPU
	EndGlobalSection
	GlobalSection(SolutionProperties) = preSolution
		HideSolutionNode = FALSE
	EndGlobalSection
	GlobalSection(ExtensibilityGlobals) = postSolution
		SolutionGuid = {15109943-6523-4D3C-990A-636884C672C6}
	EndGlobalSection
EndGlobal
